<?xml version="1.0" encoding="utf-8"?>
<Project ToolsVersion="4.0" xmlns="http://schemas.microsoft.com/developer/msbuild/2003">
  <ItemGroup>
    <ClCompile Include="main.cpp">
      <Filter>Tests suite</Filter>
    </ClCompile>
    <ClCompile Include="..\src\agent.c">
      <Filter>Sources</Filter>
    </ClCompile>
    <ClCompile Include="..\src\array.c">
      <Filter>Sources</Filter>
    </ClCompile>
    <ClCompile Include="..\src\bind.c">
      <Filter>Sources</Filter>
    </ClCompile>
    <ClCompile Include="..\src\callback.c">
      <Filter>Sources</Filter>
    </ClCompile>
    <ClCompile Include="..\src\collection.c">
      <Filter>Sources</Filter>
    </ClCompile>
    <ClCompile Include="..\src\column.c">
      <Filter>Sources</Filter>
    </ClCompile>
    <ClCompile Include="..\src\connection.c">
      <Filter>Sources</Filter>
    </ClCompile>
    <ClCompile Include="..\src\database.c">
      <Filter>Sources</Filter>
    </ClCompile>
    <ClCompile Include="..\src\date.c">
      <Filter>Sources</Filter>
    </ClCompile>
    <ClCompile Include="..\src\define.c">
      <Filter>Sources</Filter>
    </ClCompile>
    <ClCompile Include="..\src\dequeue.c">
      <Filter>Sources</Filter>
    </ClCompile>
    <ClCompile Include="..\src\element.c">
      <Filter>Sources</Filter>
    </ClCompile>
    <ClCompile Include="..\src\enqueue.c">
      <Filter>Sources</Filter>
    </ClCompile>
    <ClCompile Include="..\src\environment.c">
      <Filter>Sources</Filter>
    </ClCompile>
    <ClCompile Include="..\src\error.c">
      <Filter>Sources</Filter>
    </ClCompile>
    <ClCompile Include="..\src\event.c">
      <Filter>Sources</Filter>
    </ClCompile>
    <ClCompile Include="..\src\exception.c">
      <Filter>Sources</Filter>
    </ClCompile>
    <ClCompile Include="..\src\file.c">
      <Filter>Sources</Filter>
    </ClCompile>
    <ClCompile Include="..\src\format.c">
      <Filter>Sources</Filter>
    </ClCompile>
    <ClCompile Include="..\src\handle.c">
      <Filter>Sources</Filter>
    </ClCompile>
    <ClCompile Include="..\src\hash.c">
      <Filter>Sources</Filter>
    </ClCompile>
    <ClCompile Include="..\src\helpers.c">
      <Filter>Sources</Filter>
    </ClCompile>
    <ClCompile Include="..\src\interval.c">
      <Filter>Sources</Filter>
    </ClCompile>
    <ClCompile Include="..\src\iterator.c">
      <Filter>Sources</Filter>
    </ClCompile>
    <ClCompile Include="..\src\list.c">
      <Filter>Sources</Filter>
    </ClCompile>
    <ClCompile Include="..\src\lob.c">
      <Filter>Sources</Filter>
    </ClCompile>
    <ClCompile Include="..\src\long.c">
      <Filter>Sources</Filter>
    </ClCompile>
    <ClCompile Include="..\src\memory.c">
      <Filter>Sources</Filter>
    </ClCompile>
    <ClCompile Include="..\src\message.c">
      <Filter>Sources</Filter>
    </ClCompile>
    <ClCompile Include="..\src\mutex.c">
      <Filter>Sources</Filter>
    </ClCompile>
    <ClCompile Include="..\src\number.c">
      <Filter>Sources</Filter>
    </ClCompile>
    <ClCompile Include="..\src\object.c">
      <Filter>Sources</Filter>
    </ClCompile>
    <ClCompile Include="..\src\ocilib.c">
      <Filter>Sources</Filter>
    </ClCompile>
    <ClCompile Include="..\src\pool.c">
      <Filter>Sources</Filter>
    </ClCompile>
    <ClCompile Include="..\src\queue.c">
      <Filter>Sources</Filter>
    </ClCompile>
    <ClCompile Include="..\src\reference.c">
      <Filter>Sources</Filter>
    </ClCompile>
    <ClCompile Include="..\src\resultset.c">
      <Filter>Sources</Filter>
    </ClCompile>
    <ClCompile Include="..\src\statement.c">
      <Filter>Sources</Filter>
    </ClCompile>
    <ClCompile Include="..\src\strings.c">
      <Filter>Sources</Filter>
    </ClCompile>
    <ClCompile Include="..\src\subscription.c">
      <Filter>Sources</Filter>
    </ClCompile>
    <ClCompile Include="..\src\thread.c">
      <Filter>Sources</Filter>
    </ClCompile>
    <ClCompile Include="..\src\threadkey.c">
      <Filter>Sources</Filter>
    </ClCompile>
    <ClCompile Include="..\src\timestamp.c">
      <Filter>Sources</Filter>
    </ClCompile>
    <ClCompile Include="..\src\transaction.c">
      <Filter>Sources</Filter>
    </ClCompile>
    <ClCompile Include="..\src\typeinfo.c">
      <Filter>Sources</Filter>
    </ClCompile>
    <ClCompile Include="TestConnection.cpp">
      <Filter>Tests suite</Filter>
    </ClCompile>
    <ClCompile Include="TestDate.cpp">
      <Filter>Tests suite</Filter>
    </ClCompile>
    <ClCompile Include="Testinterval.cpp">
      <Filter>Tests suite</Filter>
    </ClCompile>
    <ClCompile Include="TestLob.cpp">
      <Filter>Tests suite</Filter>
    </ClCompile>
    <ClCompile Include="TestNumber.cpp">
      <Filter>Tests suite</Filter>
    </ClCompile>
    <ClCompile Include="TestReference.cpp">
      <Filter>Tests suite</Filter>
    </ClCompile>
    <ClCompile Include="TestTimestamp.cpp">
      <Filter>Tests suite</Filter>
    </ClCompile>
    <ClCompile Include="TestReportedIssues.cpp">
      <Filter>Tests suite</Filter>
    </ClCompile>
    <ClCompile Include="..\src\dirpath.c">
      <Filter>Sources</Filter>
    </ClCompile>
    <ClCompile Include="TestCollection.cpp">
      <Filter>Tests suite</Filter>
    </ClCompile>
    <ClCompile Include="TestArray.cpp">
      <Filter>Tests suite</Filter>
    </ClCompile>
    <ClCompile Include="TestCursor.cpp">
      <Filter>Tests suite</Filter>
    </ClCompile>
    <ClCompile Include="TestDescribe.cpp">
      <Filter>Tests suite</Filter>
    </ClCompile>
    <ClCompile Include="TestImplicitResultset.cpp">
      <Filter>Tests suite</Filter>
    </ClCompile>
    <ClCompile Include="TestQueue.cpp">
      <Filter>Tests suite</Filter>
    </ClCompile>
  </ItemGroup>
  <ItemGroup>
    <None Include="packages.config" />
  </ItemGroup>
  <ItemGroup>
    <Filter Include="Header files">
      <UniqueIdentifier>{dd240098-c9aa-4f76-9b0d-50e653c6086b}</UniqueIdentifier>
    </Filter>
    <Filter Include="Tests suite">
      <UniqueIdentifier>{a27a0a28-f04a-4730-a09e-72366b3cc3de}</UniqueIdentifier>
    </Filter>
    <Filter Include="Sources">
      <UniqueIdentifier>{fc9505f2-5f34-43eb-8c4c-29c05561e5c0}</UniqueIdentifier>
    </Filter>
  </ItemGroup>
  <ItemGroup>
    <ClInclude Include="ocilib_tests.h">
      <Filter>Header files</Filter>
    </ClInclude>
  </ItemGroup>
</Project>