
Microsoft Visual Studio Solution File, Format Version 9.00
# Visual Studio 2005
Project("{8BC9CEB8-8B4A-11D0-8D11-00A0C91BC942}") = "OCILIB Dynamic Library", "ocilib_dll.vcproj", "{B5B9DE0E-C2BE-4D75-BDA0-CBF81BD18D7D}"
EndProject
Global
	GlobalSection(SolutionConfigurationPlatforms) = preSolution
		Debug|Win32 = Debug|Win32
		Release - ANSI|Win32 = Release - ANSI|Win32
		Release - MIXED|Win32 = Release - MIXED|Win32
		Release - UNICODE|Win32 = Release - UNICODE|Win32
	EndGlobalSection
	GlobalSection(ProjectConfigurationPlatforms) = postSolution
		{B5B9DE0E-C2BE-4D75-BDA0-CBF81BD18D7D}.Debug|Win32.ActiveCfg = Debug|Win32
		{B5B9DE0E-C2BE-4D75-BDA0-CBF81BD18D7D}.Debug|Win32.Build.0 = Debug|Win32
		{B5B9DE0E-C2BE-4D75-BDA0-CBF81BD18D7D}.Release - ANSI|Win32.ActiveCfg = Release - ANSI|Win32
		{B5B9DE0E-C2BE-4D75-BDA0-CBF81BD18D7D}.Release - ANSI|Win32.Build.0 = Release - ANSI|Win32
		{B5B9DE0E-C2BE-4D75-BDA0-CBF81BD18D7D}.Release - MIXED|Win32.ActiveCfg = Release - ANSI|Win32
		{B5B9DE0E-C2BE-4D75-BDA0-CBF81BD18D7D}.Release - MIXED|Win32.Build.0 = Release - ANSI|Win32
		{B5B9DE0E-C2BE-4D75-BDA0-CBF81BD18D7D}.Release - UNICODE|Win32.ActiveCfg = Release - UNICODE|Win32
		{B5B9DE0E-C2BE-4D75-BDA0-CBF81BD18D7D}.Release - UNICODE|Win32.Build.0 = Release - UNICODE|Win32
	EndGlobalSection
	GlobalSection(SolutionProperties) = preSolution
		HideSolutionNode = FALSE
	EndGlobalSection
EndGlobal
