<?xml version="1.0" encoding="utf-8"?>
<Project ToolsVersion="4.0" xmlns="http://schemas.microsoft.com/developer/msbuild/2003">
  <ItemGroup>
    <Filter Include="Sources">
      <UniqueIdentifier>{41e51a6c-1c9a-47de-894f-cfe004d13868}</UniqueIdentifier>
    </Filter>
    <Filter Include="Resources">
      <UniqueIdentifier>{0229706c-26ac-4bfe-ad5a-ae631239b6a3}</UniqueIdentifier>
    </Filter>
    <Filter Include="Headers %28OCI%29">
      <UniqueIdentifier>{5a204776-f9e7-466f-b517-238e40b57bdb}</UniqueIdentifier>
    </Filter>
    <Filter Include="Headers %28Private%29">
      <UniqueIdentifier>{7b4e72bd-746a-40d7-b757-d3f5ff256983}</UniqueIdentifier>
    </Filter>
    <Filter Include="Headers %28Public%29">
      <UniqueIdentifier>{fd2b217d-6121-4eed-be01-d73044bd9774}</UniqueIdentifier>
    </Filter>
    <Filter Include="Headers %28Core%29">
      <UniqueIdentifier>{c9624fb7-d573-4e70-b5c5-4af3d41e0b4d}</UniqueIdentifier>
    </Filter>
  </ItemGroup>
  <ItemGroup>
    <ResourceCompile Include="main.rc">
      <Filter>Resources</Filter>
    </ResourceCompile>
  </ItemGroup>
  <ItemGroup>
    <ClCompile Include="..\..\src\agent.c">
      <Filter>Sources</Filter>
    </ClCompile>
    <ClCompile Include="..\..\src\array.c">
      <Filter>Sources</Filter>
    </ClCompile>
    <ClCompile Include="..\..\src\bind.c">
      <Filter>Sources</Filter>
    </ClCompile>
    <ClCompile Include="..\..\src\callback.c">
      <Filter>Sources</Filter>
    </ClCompile>
    <ClCompile Include="..\..\src\collection.c">
      <Filter>Sources</Filter>
    </ClCompile>
    <ClCompile Include="..\..\src\column.c">
      <Filter>Sources</Filter>
    </ClCompile>
    <ClCompile Include="..\..\src\connection.c">
      <Filter>Sources</Filter>
    </ClCompile>
    <ClCompile Include="..\..\src\date.c">
      <Filter>Sources</Filter>
    </ClCompile>
    <ClCompile Include="..\..\src\define.c">
      <Filter>Sources</Filter>
    </ClCompile>
    <ClCompile Include="..\..\src\dequeue.c">
      <Filter>Sources</Filter>
    </ClCompile>
    <ClCompile Include="..\..\src\dirpath.c">
      <Filter>Sources</Filter>
    </ClCompile>
    <ClCompile Include="..\..\src\element.c">
      <Filter>Sources</Filter>
    </ClCompile>
    <ClCompile Include="..\..\src\enqueue.c">
      <Filter>Sources</Filter>
    </ClCompile>
    <ClCompile Include="..\..\src\error.c">
      <Filter>Sources</Filter>
    </ClCompile>
    <ClCompile Include="..\..\src\event.c">
      <Filter>Sources</Filter>
    </ClCompile>
    <ClCompile Include="..\..\src\exception.c">
      <Filter>Sources</Filter>
    </ClCompile>
    <ClCompile Include="..\..\src\file.c">
      <Filter>Sources</Filter>
    </ClCompile>
    <ClCompile Include="..\..\src\format.c">
      <Filter>Sources</Filter>
    </ClCompile>
    <ClCompile Include="..\..\src\handle.c">
      <Filter>Sources</Filter>
    </ClCompile>
    <ClCompile Include="..\..\src\hash.c">
      <Filter>Sources</Filter>
    </ClCompile>
    <ClCompile Include="..\..\src\interval.c">
      <Filter>Sources</Filter>
    </ClCompile>
    <ClCompile Include="..\..\src\iterator.c">
      <Filter>Sources</Filter>
    </ClCompile>
    <ClCompile Include="..\..\src\library.c">
      <Filter>Sources</Filter>
    </ClCompile>
    <ClCompile Include="..\..\src\list.c">
      <Filter>Sources</Filter>
    </ClCompile>
    <ClCompile Include="..\..\src\lob.c">
      <Filter>Sources</Filter>
    </ClCompile>
    <ClCompile Include="..\..\src\long.c">
      <Filter>Sources</Filter>
    </ClCompile>
    <ClCompile Include="..\..\src\memory.c">
      <Filter>Sources</Filter>
    </ClCompile>
    <ClCompile Include="..\..\src\mutex.c">
      <Filter>Sources</Filter>
    </ClCompile>
    <ClCompile Include="..\..\src\number.c">
      <Filter>Sources</Filter>
    </ClCompile>
    <ClCompile Include="..\..\src\object.c">
      <Filter>Sources</Filter>
    </ClCompile>
    <ClCompile Include="..\..\src\ocilib.c">
      <Filter>Sources</Filter>
    </ClCompile>
    <ClCompile Include="..\..\src\pool.c">
      <Filter>Sources</Filter>
    </ClCompile>
    <ClCompile Include="..\..\src\queue.c">
      <Filter>Sources</Filter>
    </ClCompile>
    <ClCompile Include="..\..\src\resultset.c">
      <Filter>Sources</Filter>
    </ClCompile>
    <ClCompile Include="..\..\src\statement.c">
      <Filter>Sources</Filter>
    </ClCompile>
    <ClCompile Include="..\..\src\subscription.c">
      <Filter>Sources</Filter>
    </ClCompile>
    <ClCompile Include="..\..\src\thread.c">
      <Filter>Sources</Filter>
    </ClCompile>
    <ClCompile Include="..\..\src\threadkey.c">
      <Filter>Sources</Filter>
    </ClCompile>
    <ClCompile Include="..\..\src\timestamp.c">
      <Filter>Sources</Filter>
    </ClCompile>
    <ClCompile Include="..\..\src\transaction.c">
      <Filter>Sources</Filter>
    </ClCompile>
    <ClCompile Include="..\..\src\typeinfo.c">
      <Filter>Sources</Filter>
    </ClCompile>
    <ClCompile Include="..\..\src\strings.c">
      <Filter>Sources</Filter>
    </ClCompile>
    <ClCompile Include="..\..\src\message.c">
      <Filter>Sources</Filter>
    </ClCompile>
    <ClCompile Include="..\..\src\reference.c">
      <Filter>Sources</Filter>
    </ClCompile>
  </ItemGroup>
  <ItemGroup>
    <ClInclude Include="..\..\src\agent.h">
      <Filter>Headers %28Private%29</Filter>
    </ClInclude>
    <ClInclude Include="..\..\src\array.h">
      <Filter>Headers %28Private%29</Filter>
    </ClInclude>
    <ClInclude Include="..\..\src\bind.h">
      <Filter>Headers %28Private%29</Filter>
    </ClInclude>
    <ClInclude Include="..\..\src\callback.h">
      <Filter>Headers %28Private%29</Filter>
    </ClInclude>
    <ClInclude Include="..\..\src\collection.h">
      <Filter>Headers %28Private%29</Filter>
    </ClInclude>
    <ClInclude Include="..\..\src\column.h">
      <Filter>Headers %28Private%29</Filter>
    </ClInclude>
    <ClInclude Include="..\..\src\connection.h">
      <Filter>Headers %28Private%29</Filter>
    </ClInclude>
    <ClInclude Include="..\..\src\date.h">
      <Filter>Headers %28Private%29</Filter>
    </ClInclude>
    <ClInclude Include="..\..\src\define.h">
      <Filter>Headers %28Private%29</Filter>
    </ClInclude>
    <ClInclude Include="..\..\src\dequeue.h">
      <Filter>Headers %28Private%29</Filter>
    </ClInclude>
    <ClInclude Include="..\..\src\dirpath.h">
      <Filter>Headers %28Private%29</Filter>
    </ClInclude>
    <ClInclude Include="..\..\src\element.h">
      <Filter>Headers %28Private%29</Filter>
    </ClInclude>
    <ClInclude Include="..\..\src\enqueue.h">
      <Filter>Headers %28Private%29</Filter>
    </ClInclude>
    <ClInclude Include="..\..\src\error.h">
      <Filter>Headers %28Private%29</Filter>
    </ClInclude>
    <ClInclude Include="..\..\src\event.h">
      <Filter>Headers %28Private%29</Filter>
    </ClInclude>
    <ClInclude Include="..\..\src\exception.h">
      <Filter>Headers %28Private%29</Filter>
    </ClInclude>
    <ClInclude Include="..\..\src\file.h">
      <Filter>Headers %28Private%29</Filter>
    </ClInclude>
    <ClInclude Include="..\..\src\format.h">
      <Filter>Headers %28Private%29</Filter>
    </ClInclude>
    <ClInclude Include="..\..\src\handle.h">
      <Filter>Headers %28Private%29</Filter>
    </ClInclude>
    <ClInclude Include="..\..\src\hash.h">
      <Filter>Headers %28Private%29</Filter>
    </ClInclude>
    <ClInclude Include="..\..\src\interval.h">
      <Filter>Headers %28Private%29</Filter>
    </ClInclude>
    <ClInclude Include="..\..\src\iterator.h">
      <Filter>Headers %28Private%29</Filter>
    </ClInclude>
    <ClInclude Include="..\..\src\library.h">
      <Filter>Headers %28Private%29</Filter>
    </ClInclude>
    <ClInclude Include="..\..\src\list.h">
      <Filter>Headers %28Private%29</Filter>
    </ClInclude>
    <ClInclude Include="..\..\src\lob.h">
      <Filter>Headers %28Private%29</Filter>
    </ClInclude>
    <ClInclude Include="..\..\src\long.h">
      <Filter>Headers %28Private%29</Filter>
    </ClInclude>
    <ClInclude Include="..\..\src\memory.h">
      <Filter>Headers %28Private%29</Filter>
    </ClInclude>
    <ClInclude Include="..\..\src\mutex.h">
      <Filter>Headers %28Private%29</Filter>
    </ClInclude>
    <ClInclude Include="..\..\src\number.h">
      <Filter>Headers %28Private%29</Filter>
    </ClInclude>
    <ClInclude Include="..\..\src\object.h">
      <Filter>Headers %28Private%29</Filter>
    </ClInclude>
    <ClInclude Include="..\..\src\pool.h">
      <Filter>Headers %28Private%29</Filter>
    </ClInclude>
    <ClInclude Include="..\..\src\queue.h">
      <Filter>Headers %28Private%29</Filter>
    </ClInclude>
    <ClInclude Include="..\..\src\resultset.h">
      <Filter>Headers %28Private%29</Filter>
    </ClInclude>
    <ClInclude Include="..\..\src\statement.h">
      <Filter>Headers %28Private%29</Filter>
    </ClInclude>
    <ClInclude Include="..\..\src\subscription.h">
      <Filter>Headers %28Private%29</Filter>
    </ClInclude>
    <ClInclude Include="..\..\src\thread.h">
      <Filter>Headers %28Private%29</Filter>
    </ClInclude>
    <ClInclude Include="..\..\src\threadkey.h">
      <Filter>Headers %28Private%29</Filter>
    </ClInclude>
    <ClInclude Include="..\..\src\timestamp.h">
      <Filter>Headers %28Private%29</Filter>
    </ClInclude>
    <ClInclude Include="..\..\src\transaction.h">
      <Filter>Headers %28Private%29</Filter>
    </ClInclude>
    <ClInclude Include="..\..\src\typeinfo.h">
      <Filter>Headers %28Private%29</Filter>
    </ClInclude>
    <ClInclude Include="..\..\src\types.h">
      <Filter>Headers %28Private%29</Filter>
    </ClInclude>
    <ClInclude Include="..\..\src\strings.h">
      <Filter>Headers %28Private%29</Filter>
    </ClInclude>
    <ClInclude Include="..\..\src\oci\api.h">
      <Filter>Headers %28OCI%29</Filter>
    </ClInclude>
    <ClInclude Include="..\..\src\oci\defs.h">
      <Filter>Headers %28OCI%29</Filter>
    </ClInclude>
    <ClInclude Include="..\..\src\oci\types.h">
      <Filter>Headers %28OCI%29</Filter>
    </ClInclude>
    <ClInclude Include="..\..\include\ocilib_types.h">
      <Filter>Headers %28Public%29</Filter>
    </ClInclude>
    <ClInclude Include="..\..\include\ocilib_config.h">
      <Filter>Headers %28Public%29</Filter>
    </ClInclude>
    <ClInclude Include="..\..\include\ocilib_compat.h">
      <Filter>Headers %28Public%29</Filter>
    </ClInclude>
    <ClInclude Include="..\..\include\ocilib_api.h">
      <Filter>Headers %28Public%29</Filter>
    </ClInclude>
    <ClInclude Include="..\..\include\ocilib.h">
      <Filter>Headers %28Public%29</Filter>
    </ClInclude>
    <ClInclude Include="..\..\src\defs.h">
      <Filter>Headers %28Core%29</Filter>
    </ClInclude>
    <ClInclude Include="..\..\src\loader.h">
      <Filter>Headers %28Core%29</Filter>
    </ClInclude>
    <ClInclude Include="..\..\src\import.h">
      <Filter>Headers %28Core%29</Filter>
    </ClInclude>
    <ClInclude Include="..\..\src\message.h">
      <Filter>Headers %28Private%29</Filter>
    </ClInclude>
    <ClInclude Include="..\..\src\reference.h">
      <Filter>Headers %28Private%29</Filter>
    </ClInclude>
    <ClInclude Include="..\..\src\macros.h">
      <Filter>Headers %28Core%29</Filter>
    </ClInclude>
  </ItemGroup>
</Project>