<?xml version="1.0" encoding="UTF-8" standalone="yes" ?>
<CodeBlocks_project_file>
	<FileVersion major="1" minor="6" />
	<Project>
		<Option title="ocilib_demo_codeblocks" />
		<Option pch_mode="2" />
		<Option compiler="gcc" />
		<Build>
			<Target title="Release - ANSI">
				<Option output="MinGW\Release - ANSI\ocilib_demo.exe" prefix_auto="0" extension_auto="0" />
				<Option object_output="MinGW\Release - ANSI\" />
				<Option type="1" />
				<Option compiler="gcc" />
				<Compiler>
					<Add option="-O2" />
					<Add option="-DOCI_API=__stdcall" />
					<Add option="-DOCI_CHARSET_ANSI" />
				</Compiler>
				<Linker>
					<Add option="-s" />
					<Add library="..\..\lib32\libociliba.a" />
				</Linker>
			</Target>
			<Target title="Release - UNICODE">
				<Option output="MinGW\Release - UNICODE\ocilib_demo.exe" prefix_auto="0" extension_auto="0" />
				<Option object_output="MinGW\Release - UNICODE\" />
				<Option type="1" />
				<Option compiler="gcc" />
				<Option parameters="db usr pwd c:\roesas" />
				<Compiler>
					<Add option="-O2" />
					<Add option="-DOCI_API=__stdcall" />
					<Add option="-DOCI_CHARSET_WIDE" />
				</Compiler>
				<Linker>
					<Add option="-s" />
					<Add library="..\..\lib32\libocilibw.a" />
				</Linker>
			</Target>
		</Build>
		<Compiler>
			<Add option="-Wall" />
		</Compiler>
		<Unit filename="..\..\demo\ocilib_demo.c">
			<Option compilerVar="CC" />
		</Unit>
		<Unit filename="..\..\demo\ocilib_demo.h" />
		<Extensions>
			<code_completion />
			<envvars />
			<debugger />
			<lib_finder disable_auto="1" />
		</Extensions>
	</Project>
</CodeBlocks_project_file>
