<?xml version="1.0" encoding="UTF-8" standalone="yes" ?>
<CodeBlocks_project_file>
	<FileVersion major="1" minor="6" />
	<Project>
		<Option title="ocilib++_demo_codeblocks" />
		<Option pch_mode="2" />
		<Option compiler="gcc" />
		<Build>
			<Target title="Debug">
				<Option output="bin/Debug/ocilib++_demo_codeblocks" prefix_auto="1" extension_auto="1" />
				<Option object_output="obj/Debug/" />
				<Option type="1" />
				<Option compiler="gcc" />
				<Option parameters="db12c usr pwd" />
				<Compiler>
					<Add option="-g" />
					<Add option="-DOCI_API=__stdcall" />
					<Add directory="../../../include" />
				</Compiler>
				<Linker>
					<Add library="ociliba" />
					<Add directory="../../../lib32" />
				</Linker>
			</Target>
			<Target title="Release">
				<Option output="bin/Release/ocilib++_demo_codeblocks" prefix_auto="1" extension_auto="1" />
				<Option object_output="obj/Release/" />
				<Option type="1" />
				<Option compiler="gcc" />
				<Compiler>
					<Add option="-O2" />
					<Add option="-DOCI_API=__stdcall" />
					<Add directory="../../../include" />
				</Compiler>
				<Linker>
					<Add option="-s" />
					<Add library="ociliba" />
					<Add directory="../../../lib32" />
				</Linker>
			</Target>
		</Build>
		<Compiler>
			<Add option="-Wall" />
			<Add option="-fexceptions" />
			<Add directory="../../include" />
		</Compiler>
		<Unit filename="../../demo/ocilib_demo.cpp" />
		<Extensions>
			<code_completion />
			<debugger />
			<envvars />
		</Extensions>
	</Project>
</CodeBlocks_project_file>
